
Microsoft Visual Studio Solution File, Format Version 12.00
# Visual Studio Version 17
VisualStudioVersion = 17.12.35527.113
MinimumVisualStudioVersion = 10.0.40219.1
Project("{FAE04EC0-301F-11D3-BF4B-00C04F79EFBC}") = "example_241218", "example_241218\example_241218.csproj", "{C4D95F0E-9239-4307-9C49-7FABA43EA9D4}"
EndProject
Project("{FAE04EC0-301F-11D3-BF4B-00C04F79EFBC}") = "example_241219", "example_241219\example_241219.csproj", "{887B06F3-F6F2-468F-8444-C255FBDBE26A}"
EndProject
Project("{FAE04EC0-301F-11D3-BF4B-00C04F79EFBC}") = "example-241220", "example-241220\example-241220.csproj", "{2516EA51-237A-479D-AF62-3FA1DDA776A8}"
EndProject
Project("{FAE04EC0-301F-11D3-BF4B-00C04F79EFBC}") = "example_241217", "example_241217\example_241217.csproj", "{A09017D9-B098-44C7-836A-54468CD28C5F}"
EndProject
Project("{FAE04EC0-301F-11D3-BF4B-00C04F79EFBC}") = "example_241230", "example_241230\example_241230.csproj", "{1D66E44A-ADBA-44E8-85BF-6647E8C478D8}"
EndProject
Project("{FAE04EC0-301F-11D3-BF4B-00C04F79EFBC}") = "example_241231", "example_241231\example_241231.csproj", "{2510493A-D1FF-46B3-9F86-4C08AEA850C9}"
EndProject
Project("{FAE04EC0-301F-11D3-BF4B-00C04F79EFBC}") = "example_250102", "example_250102\example_250102.csproj", "{7E42E3CB-82BD-45D9-A7E2-030DF4258E0D}"
EndProject
Project("{FAE04EC0-301F-11D3-BF4B-00C04F79EFBC}") = "example_250103", "example_250103\example_250103.csproj", "{7403ACA3-1C4A-46E2-ACD1-38F0A666B608}"
EndProject
Project("{FAE04EC0-301F-11D3-BF4B-00C04F79EFBC}") = "example_250106", "example_250106\example_250106.csproj", "{D04A0EB6-42C1-43C3-8EFA-908582B34D8A}"
EndProject
Project("{FAE04EC0-301F-11D3-BF4B-00C04F79EFBC}") = "example_250107", "example_250107\example_250107.csproj", "{277CDA3B-CDE0-432C-9DCC-C0FACEC4986B}"
EndProject
Project("{FAE04EC0-301F-11D3-BF4B-00C04F79EFBC}") = "example_250109", "example_250109\example_250109.csproj", "{171950F2-C6F2-413C-83CF-1E55E65C83DB}"
EndProject
Project("{FAE04EC0-301F-11D3-BF4B-00C04F79EFBC}") = "example_250110", "example_250110\example_250110.csproj", "{3A3BDB91-4915-41D4-AF7D-4809B898903F}"
EndProject
Global
	GlobalSection(SolutionConfigurationPlatforms) = preSolution
		Debug|Any CPU = Debug|Any CPU
		Release|Any CPU = Release|Any CPU
	EndGlobalSection
	GlobalSection(ProjectConfigurationPlatforms) = postSolution
		{C4D95F0E-9239-4307-9C49-7FABA43EA9D4}.Debug|Any CPU.ActiveCfg = Debug|Any CPU
		{C4D95F0E-9239-4307-9C49-7FABA43EA9D4}.Debug|Any CPU.Build.0 = Debug|Any CPU
		{C4D95F0E-9239-4307-9C49-7FABA43EA9D4}.Release|Any CPU.ActiveCfg = Release|Any CPU
		{C4D95F0E-9239-4307-9C49-7FABA43EA9D4}.Release|Any CPU.Build.0 = Release|Any CPU
		{887B06F3-F6F2-468F-8444-C255FBDBE26A}.Debug|Any CPU.ActiveCfg = Debug|Any CPU
		{887B06F3-F6F2-468F-8444-C255FBDBE26A}.Debug|Any CPU.Build.0 = Debug|Any CPU
		{887B06F3-F6F2-468F-8444-C255FBDBE26A}.Release|Any CPU.ActiveCfg = Release|Any CPU
		{887B06F3-F6F2-468F-8444-C255FBDBE26A}.Release|Any CPU.Build.0 = Release|Any CPU
		{2516EA51-237A-479D-AF62-3FA1DDA776A8}.Debug|Any CPU.ActiveCfg = Debug|Any CPU
		{2516EA51-237A-479D-AF62-3FA1DDA776A8}.Debug|Any CPU.Build.0 = Debug|Any CPU
		{2516EA51-237A-479D-AF62-3FA1DDA776A8}.Release|Any CPU.ActiveCfg = Release|Any CPU
		{2516EA51-237A-479D-AF62-3FA1DDA776A8}.Release|Any CPU.Build.0 = Release|Any CPU
		{A09017D9-B098-44C7-836A-54468CD28C5F}.Debug|Any CPU.ActiveCfg = Debug|Any CPU
		{A09017D9-B098-44C7-836A-54468CD28C5F}.Debug|Any CPU.Build.0 = Debug|Any CPU
		{A09017D9-B098-44C7-836A-54468CD28C5F}.Release|Any CPU.ActiveCfg = Release|Any CPU
		{A09017D9-B098-44C7-836A-54468CD28C5F}.Release|Any CPU.Build.0 = Release|Any CPU
		{1D66E44A-ADBA-44E8-85BF-6647E8C478D8}.Debug|Any CPU.ActiveCfg = Debug|Any CPU
		{1D66E44A-ADBA-44E8-85BF-6647E8C478D8}.Debug|Any CPU.Build.0 = Debug|Any CPU
		{1D66E44A-ADBA-44E8-85BF-6647E8C478D8}.Release|Any CPU.ActiveCfg = Release|Any CPU
		{1D66E44A-ADBA-44E8-85BF-6647E8C478D8}.Release|Any CPU.Build.0 = Release|Any CPU
		{2510493A-D1FF-46B3-9F86-4C08AEA850C9}.Debug|Any CPU.ActiveCfg = Debug|Any CPU
		{2510493A-D1FF-46B3-9F86-4C08AEA850C9}.Debug|Any CPU.Build.0 = Debug|Any CPU
		{2510493A-D1FF-46B3-9F86-4C08AEA850C9}.Release|Any CPU.ActiveCfg = Release|Any CPU
		{2510493A-D1FF-46B3-9F86-4C08AEA850C9}.Release|Any CPU.Build.0 = Release|Any CPU
		{7E42E3CB-82BD-45D9-A7E2-030DF4258E0D}.Debug|Any CPU.ActiveCfg = Debug|Any CPU
		{7E42E3CB-82BD-45D9-A7E2-030DF4258E0D}.Debug|Any CPU.Build.0 = Debug|Any CPU
		{7E42E3CB-82BD-45D9-A7E2-030DF4258E0D}.Release|Any CPU.ActiveCfg = Release|Any CPU
		{7E42E3CB-82BD-45D9-A7E2-030DF4258E0D}.Release|Any CPU.Build.0 = Release|Any CPU
		{7403ACA3-1C4A-46E2-ACD1-38F0A666B608}.Debug|Any CPU.ActiveCfg = Debug|Any CPU
		{7403ACA3-1C4A-46E2-ACD1-38F0A666B608}.Debug|Any CPU.Build.0 = Debug|Any CPU
		{7403ACA3-1C4A-46E2-ACD1-38F0A666B608}.Release|Any CPU.ActiveCfg = Release|Any CPU
		{7403ACA3-1C4A-46E2-ACD1-38F0A666B608}.Release|Any CPU.Build.0 = Release|Any CPU
		{D04A0EB6-42C1-43C3-8EFA-908582B34D8A}.Debug|Any CPU.ActiveCfg = Debug|Any CPU
		{D04A0EB6-42C1-43C3-8EFA-908582B34D8A}.Debug|Any CPU.Build.0 = Debug|Any CPU
		{D04A0EB6-42C1-43C3-8EFA-908582B34D8A}.Release|Any CPU.ActiveCfg = Release|Any CPU
		{D04A0EB6-42C1-43C3-8EFA-908582B34D8A}.Release|Any CPU.Build.0 = Release|Any CPU
		{277CDA3B-CDE0-432C-9DCC-C0FACEC4986B}.Debug|Any CPU.ActiveCfg = Debug|Any CPU
		{277CDA3B-CDE0-432C-9DCC-C0FACEC4986B}.Debug|Any CPU.Build.0 = Debug|Any CPU
		{277CDA3B-CDE0-432C-9DCC-C0FACEC4986B}.Release|Any CPU.ActiveCfg = Release|Any CPU
		{277CDA3B-CDE0-432C-9DCC-C0FACEC4986B}.Release|Any CPU.Build.0 = Release|Any CPU
		{171950F2-C6F2-413C-83CF-1E55E65C83DB}.Debug|Any CPU.ActiveCfg = Debug|Any CPU
		{171950F2-C6F2-413C-83CF-1E55E65C83DB}.Debug|Any CPU.Build.0 = Debug|Any CPU
		{171950F2-C6F2-413C-83CF-1E55E65C83DB}.Release|Any CPU.ActiveCfg = Release|Any CPU
		{171950F2-C6F2-413C-83CF-1E55E65C83DB}.Release|Any CPU.Build.0 = Release|Any CPU
		{3A3BDB91-4915-41D4-AF7D-4809B898903F}.Debug|Any CPU.ActiveCfg = Debug|Any CPU
		{3A3BDB91-4915-41D4-AF7D-4809B898903F}.Debug|Any CPU.Build.0 = Debug|Any CPU
		{3A3BDB91-4915-41D4-AF7D-4809B898903F}.Release|Any CPU.ActiveCfg = Release|Any CPU
		{3A3BDB91-4915-41D4-AF7D-4809B898903F}.Release|Any CPU.Build.0 = Release|Any CPU
	EndGlobalSection
	GlobalSection(SolutionProperties) = preSolution
		HideSolutionNode = FALSE
	EndGlobalSection
EndGlobal
